Microsoft Visual Studio Solution File, Format Version 12.00
# Visual Studio 15
VisualStudioVersion = 15.0.26124.0
MinimumVisualStudioVersion = 15.0.26124.0
Project("{FAE04EC0-301F-11D3-BF4B-00C04F79EFBC}") = "city_simulation.Client", "Client\city_simulation.Client.csproj", "{DCDB0572-00D9-4F38-83BC-83D3C1E27749}"
EndProject
Project("{FAE04EC0-301F-11D3-BF4B-00C04F79EFBC}") = "city_simulation.Server", "Server\city_simulation.Server.csproj", "{7B49AD7B-D254-4BB0-876E-C0450FB873D4}"
EndProject
Global
	GlobalSection(SolutionConfigurationPlatforms) = preSolution
		Debug|Any CPU = Debug|Any CPU
		Release|Any CPU = Release|Any CPU
	EndGlobalSection
	GlobalSection(SolutionProperties) = preSolution
		HideSolutionNode = FALSE
	EndGlobalSection
	GlobalSection(ProjectConfigurationPlatforms) = postSolution
		{DCDB0572-00D9-4F38-83BC-83D3C1E27749}.Debug|Any CPU.ActiveCfg = Debug|Any CPU
		{DCDB0572-00D9-4F38-83BC-83D3C1E27749}.Debug|Any CPU.Build.0 = Debug|Any CPU
		{DCDB0572-00D9-4F38-83BC-83D3C1E27749}.Release|Any CPU.ActiveCfg = Release|Any CPU
		{DCDB0572-00D9-4F38-83BC-83D3C1E27749}.Release|Any CPU.Build.0 = Release|Any CPU
		{7B49AD7B-D254-4BB0-876E-C0450FB873D4}.Debug|Any CPU.ActiveCfg = Debug|Any CPU
		{7B49AD7B-D254-4BB0-876E-C0450FB873D4}.Debug|Any CPU.Build.0 = Debug|Any CPU
		{7B49AD7B-D254-4BB0-876E-C0450FB873D4}.Release|Any CPU.ActiveCfg = Release|Any CPU
		{7B49AD7B-D254-4BB0-876E-C0450FB873D4}.Release|Any CPU.Build.0 = Release|Any CPU
	EndGlobalSection
EndGlobal
